
Microsoft Visual Studio Solution File, Format Version 12.00
# Visual Studio 15
Project("{FAE04EC0-301F-11D3-BF4B-00C04F79EFBC}") = "Sample.iOS", "Sample.iOS\Sample.iOS.csproj", "{683E2056-22DF-4573-A4BB-ED7D28999C5E}"
EndProject
Project("{FAE04EC0-301F-11D3-BF4B-00C04F79EFBC}") = "Sample", "Sample\Sample.csproj", "{11867823-5279-43FA-BFB9-03BAC6C41CFF}"
EndProject
Global
	GlobalSection(SolutionConfigurationPlatforms) = preSolution
		Debug|iPhoneSimulator = Debug|iPhoneSimulator
		Release|iPhoneSimulator = Release|iPhoneSimulator
		Debug|iPhone = Debug|iPhone
		Release|iPhone = Release|iPhone
		Debug|Any CPU = Debug|Any CPU
		Release|Any CPU = Release|Any CPU
	EndGlobalSection
	GlobalSection(ProjectConfigurationPlatforms) = postSolution
		{683E2056-22DF-4573-A4BB-ED7D28999C5E}.Debug|iPhoneSimulator.ActiveCfg = Debug|iPhoneSimulator
		{683E2056-22DF-4573-A4BB-ED7D28999C5E}.Debug|iPhoneSimulator.Build.0 = Debug|iPhoneSimulator
		{683E2056-22DF-4573-A4BB-ED7D28999C5E}.Release|iPhoneSimulator.ActiveCfg = Release|iPhoneSimulator
		{683E2056-22DF-4573-A4BB-ED7D28999C5E}.Release|iPhoneSimulator.Build.0 = Release|iPhoneSimulator
		{683E2056-22DF-4573-A4BB-ED7D28999C5E}.Debug|iPhone.ActiveCfg = Debug|iPhone
		{683E2056-22DF-4573-A4BB-ED7D28999C5E}.Debug|iPhone.Build.0 = Debug|iPhone
		{683E2056-22DF-4573-A4BB-ED7D28999C5E}.Release|iPhone.ActiveCfg = Release|iPhone
		{683E2056-22DF-4573-A4BB-ED7D28999C5E}.Release|iPhone.Build.0 = Release|iPhone
		{683E2056-22DF-4573-A4BB-ED7D28999C5E}.Debug|Any CPU.ActiveCfg = Debug|iPhoneSimulator
		{683E2056-22DF-4573-A4BB-ED7D28999C5E}.Debug|Any CPU.Build.0 = Debug|iPhoneSimulator
		{683E2056-22DF-4573-A4BB-ED7D28999C5E}.Release|Any CPU.ActiveCfg = Release|iPhoneSimulator
		{683E2056-22DF-4573-A4BB-ED7D28999C5E}.Release|Any CPU.Build.0 = Release|iPhoneSimulator
		{11867823-5279-43FA-BFB9-03BAC6C41CFF}.Debug|iPhoneSimulator.ActiveCfg = Debug|Any CPU
		{11867823-5279-43FA-BFB9-03BAC6C41CFF}.Debug|iPhoneSimulator.Build.0 = Debug|Any CPU
		{11867823-5279-43FA-BFB9-03BAC6C41CFF}.Release|iPhoneSimulator.ActiveCfg = Release|Any CPU
		{11867823-5279-43FA-BFB9-03BAC6C41CFF}.Release|iPhoneSimulator.Build.0 = Release|Any CPU
		{11867823-5279-43FA-BFB9-03BAC6C41CFF}.Debug|iPhone.ActiveCfg = Debug|Any CPU
		{11867823-5279-43FA-BFB9-03BAC6C41CFF}.Debug|iPhone.Build.0 = Debug|Any CPU
		{11867823-5279-43FA-BFB9-03BAC6C41CFF}.Release|iPhone.ActiveCfg = Release|Any CPU
		{11867823-5279-43FA-BFB9-03BAC6C41CFF}.Release|iPhone.Build.0 = Release|Any CPU
		{11867823-5279-43FA-BFB9-03BAC6C41CFF}.Debug|Any CPU.ActiveCfg = Debug|Any CPU
		{11867823-5279-43FA-BFB9-03BAC6C41CFF}.Debug|Any CPU.Build.0 = Debug|Any CPU
		{11867823-5279-43FA-BFB9-03BAC6C41CFF}.Release|Any CPU.ActiveCfg = Release|Any CPU
		{11867823-5279-43FA-BFB9-03BAC6C41CFF}.Release|Any CPU.Build.0 = Release|Any CPU
	EndGlobalSection
EndGlobal
